// !$*UTF8*$!
{
	archiveVersion = 1;
	classes = {
	};
	objectVersion = 46;
	objects = {

/* Begin PBXBuildFile section */
		65A58DEF98F8A39286A1AE55 /* Pods_PhotosSampleTests.framework in Frameworks */ = {isa = PBXBuildFile; fileRef = 10F2135172046C267EC5F3B0 /* Pods_PhotosSampleTests.framework */; };
		B2B593FF5CC75BE77090C913 /* Pods_PhotosSample.framework in Frameworks */ = {isa = PBXBuildFile; fileRef = E4D7F80B016FF1A52B038532 /* Pods_PhotosSample.framework */; };
		CFC5498A1E9090FE001A0302 /* RxExt.swift in Sources */ = {isa = PBXBuildFile; fileRef = CFC549891E9090FE001A0302 /* RxExt.swift */; };
		CFC5498C1E909C03001A0302 /* FoundationExt.swift in Sources */ = {isa = PBXBuildFile; fileRef = CFC5498B1E909C03001A0302 /* FoundationExt.swift */; };
		CFC5498E1E90B7AE001A0302 /* UIKitExt.swift in Sources */ = {isa = PBXBuildFile; fileRef = CFC5498D1E90B7AE001A0302 /* UIKitExt.swift */; };
		CFC549901E90B848001A0302 /* AssetModel.swift in Sources */ = {isa = PBXBuildFile; fileRef = CFC5498F1E90B848001A0302 /* AssetModel.swift */; };
		CFC549931E90E444001A0302 /* PhotoViewerViewController.swift in Sources */ = {isa = PBXBuildFile; fileRef = CFC549921E90E444001A0302 /* PhotoViewerViewController.swift */; };
		CFC549951E90F76E001A0302 /* PhotoViewerViewModel.swift in Sources */ = {isa = PBXBuildFile; fileRef = CFC549941E90F76E001A0302 /* PhotoViewerViewModel.swift */; };
		CFCF6E6B1E9016C700136F4A /* AppDelegate.swift in Sources */ = {isa = PBXBuildFile; fileRef = CFCF6E6A1E9016C700136F4A /* AppDelegate.swift */; };
		CFCF6E701E9016C700136F4A /* Main.storyboard in Resources */ = {isa = PBXBuildFile; fileRef = CFCF6E6E1E9016C700136F4A /* Main.storyboard */; };
		CFCF6E721E9016C700136F4A /* Assets.xcassets in Resources */ = {isa = PBXBuildFile; fileRef = CFCF6E711E9016C700136F4A /* Assets.xcassets */; };
		CFCF6E751E9016C700136F4A /* LaunchScreen.storyboard in Resources */ = {isa = PBXBuildFile; fileRef = CFCF6E731E9016C700136F4A /* LaunchScreen.storyboard */; };
		CFCF6E801E9016C700136F4A /* PhotosTests.swift in Sources */ = {isa = PBXBuildFile; fileRef = CFCF6E7F1E9016C700136F4A /* PhotosTests.swift */; };
		CFCF6E8E1E90240B00136F4A /* MomentsViewController.swift in Sources */ = {isa = PBXBuildFile; fileRef = CFCF6E8D1E90240B00136F4A /* MomentsViewController.swift */; };
		CFCF6E911E9026A000136F4A /* Misc.swift in Sources */ = {isa = PBXBuildFile; fileRef = CFCF6E901E9026A000136F4A /* Misc.swift */; };
		CFCF6E961E90285300136F4A /* Global.swift in Sources */ = {isa = PBXBuildFile; fileRef = CFCF6E951E90285300136F4A /* Global.swift */; };
		CFCF6E9C1E902C1600136F4A /* MomentsRepository.swift in Sources */ = {isa = PBXBuildFile; fileRef = CFCF6E9B1E902C1600136F4A /* MomentsRepository.swift */; };
/* End PBXBuildFile section */

/* Begin PBXContainerItemProxy section */
		CFCF6E7C1E9016C700136F4A /* PBXContainerItemProxy */ = {
			isa = PBXContainerItemProxy;
			containerPortal = CFCF6E5F1E9016C700136F4A /* Project object */;
			proxyType = 1;
			remoteGlobalIDString = CFCF6E661E9016C700136F4A;
			remoteInfo = Photos;
		};
/* End PBXContainerItemProxy section */

/* Begin PBXFileReference section */
		07C95DFB0055623B4BBDE9C3 /* Pods-PhotosSampleTests.release.xcconfig */ = {isa = PBXFileReference; includeInIndex = 1; lastKnownFileType = text.xcconfig; name = "Pods-PhotosSampleTests.release.xcconfig"; path = "Pods/Target Support Files/Pods-PhotosSampleTests/Pods-PhotosSampleTests.release.xcconfig"; sourceTree = "<group>"; };
		0F8369255BB7E60C1CB6FBDA /* Pods-PhotosSample.release.xcconfig */ = {isa = PBXFileReference; includeInIndex = 1; lastKnownFileType = text.xcconfig; name = "Pods-PhotosSample.release.xcconfig"; path = "Pods/Target Support Files/Pods-PhotosSample/Pods-PhotosSample.release.xcconfig"; sourceTree = "<group>"; };
		10F2135172046C267EC5F3B0 /* Pods_PhotosSampleTests.framework */ = {isa = PBXFileReference; explicitFileType = wrapper.framework; includeInIndex = 0; path = Pods_PhotosSampleTests.framework; sourceTree = BUILT_PRODUCTS_DIR; };
		4E14E755BC905B57ADFF8F3F /* Pods-PhotosSampleTests.debug.xcconfig */ = {isa = PBXFileReference; includeInIndex = 1; lastKnownFileType = text.xcconfig; name = "Pods-PhotosSampleTests.debug.xcconfig"; path = "Pods/Target Support Files/Pods-PhotosSampleTests/Pods-PhotosSampleTests.debug.xcconfig"; sourceTree = "<group>"; };
		7309F7F587485D59C3772A6B /* Pods_Photos.framework */ = {isa = PBXFileReference; explicitFileType = wrapper.framework; includeInIndex = 0; path = Pods_Photos.framework; sourceTree = BUILT_PRODUCTS_DIR; };
		75B2E63A6CB08D3B5363604F /* Pods_PhotosTests.framework */ = {isa = PBXFileReference; explicitFileType = wrapper.framework; includeInIndex = 0; path = Pods_PhotosTests.framework; sourceTree = BUILT_PRODUCTS_DIR; };
		CFC549891E9090FE001A0302 /* RxExt.swift */ = {isa = PBXFileReference; fileEncoding = 4; lastKnownFileType = sourcecode.swift; path = RxExt.swift; sourceTree = "<group>"; };
		CFC5498B1E909C03001A0302 /* FoundationExt.swift */ = {isa = PBXFileReference; fileEncoding = 4; lastKnownFileType = sourcecode.swift; path = FoundationExt.swift; sourceTree = "<group>"; };
		CFC5498D1E90B7AE001A0302 /* UIKitExt.swift */ = {isa = PBXFileReference; fileEncoding = 4; lastKnownFileType = sourcecode.swift; path = UIKitExt.swift; sourceTree = "<group>"; };
		CFC5498F1E90B848001A0302 /* AssetModel.swift */ = {isa = PBXFileReference; fileEncoding = 4; lastKnownFileType = sourcecode.swift; path = AssetModel.swift; sourceTree = "<group>"; };
		CFC549921E90E444001A0302 /* PhotoViewerViewController.swift */ = {isa = PBXFileReference; fileEncoding = 4; lastKnownFileType = sourcecode.swift; path = PhotoViewerViewController.swift; sourceTree = "<group>"; };
		CFC549941E90F76E001A0302 /* PhotoViewerViewModel.swift */ = {isa = PBXFileReference; fileEncoding = 4; lastKnownFileType = sourcecode.swift; path = PhotoViewerViewModel.swift; sourceTree = "<group>"; };
		CFCF6E671E9016C700136F4A /* PhotosSample.app */ = {isa = PBXFileReference; explicitFileType = wrapper.application; includeInIndex = 0; path = PhotosSample.app; sourceTree = BUILT_PRODUCTS_DIR; };
		CFCF6E6A1E9016C700136F4A /* AppDelegate.swift */ = {isa = PBXFileReference; lastKnownFileType = sourcecode.swift; path = AppDelegate.swift; sourceTree = "<group>"; };
		CFCF6E6F1E9016C700136F4A /* Base */ = {isa = PBXFileReference; lastKnownFileType = file.storyboard; name = Base; path = Base.lproj/Main.storyboard; sourceTree = "<group>"; };
		CFCF6E711E9016C700136F4A /* Assets.xcassets */ = {isa = PBXFileReference; lastKnownFileType = folder.assetcatalog; path = Assets.xcassets; sourceTree = "<group>"; };
		CFCF6E741E9016C700136F4A /* Base */ = {isa = PBXFileReference; lastKnownFileType = file.storyboard; name = Base; path = Base.lproj/LaunchScreen.storyboard; sourceTree = "<group>"; };
		CFCF6E761E9016C700136F4A /* Info.plist */ = {isa = PBXFileReference; lastKnownFileType = text.plist.xml; path = Info.plist; sourceTree = "<group>"; };
		CFCF6E7B1E9016C700136F4A /* PhotosSampleTests.xctest */ = {isa = PBXFileReference; explicitFileType = wrapper.cfbundle; includeInIndex = 0; path = PhotosSampleTests.xctest; sourceTree = BUILT_PRODUCTS_DIR; };
		CFCF6E7F1E9016C700136F4A /* PhotosTests.swift */ = {isa = PBXFileReference; lastKnownFileType = sourcecode.swift; path = PhotosTests.swift; sourceTree = "<group>"; };
		CFCF6E811E9016C700136F4A /* Info.plist */ = {isa = PBXFileReference; lastKnownFileType = text.plist.xml; path = Info.plist; sourceTree = "<group>"; };
		CFCF6E8D1E90240B00136F4A /* MomentsViewController.swift */ = {isa = PBXFileReference; fileEncoding = 4; lastKnownFileType = sourcecode.swift; path = MomentsViewController.swift; sourceTree = "<group>"; };
		CFCF6E901E9026A000136F4A /* Misc.swift */ = {isa = PBXFileReference; fileEncoding = 4; lastKnownFileType = sourcecode.swift; path = Misc.swift; sourceTree = "<group>"; };
		CFCF6E951E90285300136F4A /* Global.swift */ = {isa = PBXFileReference; fileEncoding = 4; lastKnownFileType = sourcecode.swift; path = Global.swift; sourceTree = "<group>"; };
		CFCF6E971E902B0000136F4A /* PhotosSample-Bridging-Header.h */ = {isa = PBXFileReference; lastKnownFileType = sourcecode.c.h; path = "PhotosSample-Bridging-Header.h"; sourceTree = "<group>"; };
		CFCF6E9B1E902C1600136F4A /* MomentsRepository.swift */ = {isa = PBXFileReference; fileEncoding = 4; lastKnownFileType = sourcecode.swift; path = MomentsRepository.swift; sourceTree = "<group>"; };
		DD3F76234A619B100CF4E6E1 /* Pods-PhotosSample.debug.xcconfig */ = {isa = PBXFileReference; includeInIndex = 1; lastKnownFileType = text.xcconfig; name = "Pods-PhotosSample.debug.xcconfig"; path = "Pods/Target Support Files/Pods-PhotosSample/Pods-PhotosSample.debug.xcconfig"; sourceTree = "<group>"; };
		E4D7F80B016FF1A52B038532 /* Pods_PhotosSample.framework */ = {isa = PBXFileReference; explicitFileType = wrapper.framework; includeInIndex = 0; path = Pods_PhotosSample.framework; sourceTree = BUILT_PRODUCTS_DIR; };
/* End PBXFileReference section */

/* Begin PBXFrameworksBuildPhase section */
		CFCF6E641E9016C700136F4A /* Frameworks */ = {
			isa = PBXFrameworksBuildPhase;
			buildActionMask = 2147483647;
			files = (
				B2B593FF5CC75BE77090C913 /* Pods_PhotosSample.framework in Frameworks */,
			);
			runOnlyForDeploymentPostprocessing = 0;
		};
		CFCF6E781E9016C700136F4A /* Frameworks */ = {
			isa = PBXFrameworksBuildPhase;
			buildActionMask = 2147483647;
			files = (
				65A58DEF98F8A39286A1AE55 /* Pods_PhotosSampleTests.framework in Frameworks */,
			);
			runOnlyForDeploymentPostprocessing = 0;
		};
/* End PBXFrameworksBuildPhase section */

/* Begin PBXGroup section */
		2451F3F023D841E6BABF7964 /* Frameworks */ = {
			isa = PBXGroup;
			children = (
				7309F7F587485D59C3772A6B /* Pods_Photos.framework */,
				75B2E63A6CB08D3B5363604F /* Pods_PhotosTests.framework */,
				E4D7F80B016FF1A52B038532 /* Pods_PhotosSample.framework */,
				10F2135172046C267EC5F3B0 /* Pods_PhotosSampleTests.framework */,
			);
			name = Frameworks;
			sourceTree = "<group>";
		};
		721E799EDE69A46EED65F2AD /* Pods */ = {
			isa = PBXGroup;
			children = (
				DD3F76234A619B100CF4E6E1 /* Pods-PhotosSample.debug.xcconfig */,
				0F8369255BB7E60C1CB6FBDA /* Pods-PhotosSample.release.xcconfig */,
				4E14E755BC905B57ADFF8F3F /* Pods-PhotosSampleTests.debug.xcconfig */,
				07C95DFB0055623B4BBDE9C3 /* Pods-PhotosSampleTests.release.xcconfig */,
			);
			name = Pods;
			sourceTree = "<group>";
		};
		CFC549911E90E420001A0302 /* PhotoViewer */ = {
			isa = PBXGroup;
			children = (
				CFC549921E90E444001A0302 /* PhotoViewerViewController.swift */,
				CFC549941E90F76E001A0302 /* PhotoViewerViewModel.swift */,
			);
			name = PhotoViewer;
			sourceTree = "<group>";
		};
		CFCF6E5E1E9016C700136F4A = {
			isa = PBXGroup;
			children = (
				CFCF6E691E9016C700136F4A /* Photos */,
				CFCF6E7E1E9016C700136F4A /* PhotosTests */,
				CFCF6E681E9016C700136F4A /* Products */,
				721E799EDE69A46EED65F2AD /* Pods */,
				2451F3F023D841E6BABF7964 /* Frameworks */,
			);
			sourceTree = "<group>";
		};
		CFCF6E681E9016C700136F4A /* Products */ = {
			isa = PBXGroup;
			children = (
				CFCF6E671E9016C700136F4A /* PhotosSample.app */,
				CFCF6E7B1E9016C700136F4A /* PhotosSampleTests.xctest */,
			);
			name = Products;
			sourceTree = "<group>";
		};
		CFCF6E691E9016C700136F4A /* Photos */ = {
			isa = PBXGroup;
			children = (
				CFC549911E90E420001A0302 /* PhotoViewer */,
				CFCF6E921E90279300136F4A /* Components */,
				CFCF6E8F1E90269400136F4A /* Common */,
				CFCF6E8A1E9023BC00136F4A /* Moments */,
				CFCF6E6A1E9016C700136F4A /* AppDelegate.swift */,
				CFCF6E6E1E9016C700136F4A /* Main.storyboard */,
				CFCF6E711E9016C700136F4A /* Assets.xcassets */,
				CFCF6E731E9016C700136F4A /* LaunchScreen.storyboard */,
				CFCF6E761E9016C700136F4A /* Info.plist */,
				CFCF6E971E902B0000136F4A /* PhotosSample-Bridging-Header.h */,
			);
			path = Photos;
			sourceTree = "<group>";
		};
		CFCF6E7E1E9016C700136F4A /* PhotosTests */ = {
			isa = PBXGroup;
			children = (
				CFCF6E7F1E9016C700136F4A /* PhotosTests.swift */,
				CFCF6E811E9016C700136F4A /* Info.plist */,
			);
			path = PhotosTests;
			sourceTree = "<group>";
		};
		CFCF6E8A1E9023BC00136F4A /* Moments */ = {
			isa = PBXGroup;
			children = (
				CFCF6E8D1E90240B00136F4A /* MomentsViewController.swift */,
			);
			name = Moments;
			sourceTree = "<group>";
		};
		CFCF6E8F1E90269400136F4A /* Common */ = {
			isa = PBXGroup;
			children = (
				CFCF6E901E9026A000136F4A /* Misc.swift */,
				CFCF6E951E90285300136F4A /* Global.swift */,
				CFC549891E9090FE001A0302 /* RxExt.swift */,
				CFC5498B1E909C03001A0302 /* FoundationExt.swift */,
				CFC5498D1E90B7AE001A0302 /* UIKitExt.swift */,
			);
			name = Common;
			sourceTree = "<group>";
		};
		CFCF6E921E90279300136F4A /* Components */ = {
			isa = PBXGroup;
			children = (
				CFCF6E9B1E902C1600136F4A /* MomentsRepository.swift */,
				CFC5498F1E90B848001A0302 /* AssetModel.swift */,
			);
			name = Components;
			sourceTree = "<group>";
		};
/* End PBXGroup section */

/* Begin PBXNativeTarget section */
		CFCF6E661E9016C700136F4A /* PhotosSample */ = {
			isa = PBXNativeTarget;
			buildConfigurationList = CFCF6E841E9016C700136F4A /* Build configuration list for PBXNativeTarget "PhotosSample" */;
			buildPhases = (
				DDD10C6D356D4AE7A2DC4A84 /* [CP] Check Pods Manifest.lock */,
				CFCF6E631E9016C700136F4A /* Sources */,
				CFCF6E641E9016C700136F4A /* Frameworks */,
				CFCF6E651E9016C700136F4A /* Resources */,
				E17BF1FE13A80D85C3AE6D65 /* [CP] Embed Pods Frameworks */,
				74ACC62BA7A8F23170AC3F28 /* [CP] Copy Pods Resources */,
			);
			buildRules = (
			);
			dependencies = (
			);
			name = PhotosSample;
			productName = Photos;
			productReference = CFCF6E671E9016C700136F4A /* PhotosSample.app */;
			productType = "com.apple.product-type.application";
		};
		CFCF6E7A1E9016C700136F4A /* PhotosSampleTests */ = {
			isa = PBXNativeTarget;
			buildConfigurationList = CFCF6E871E9016C700136F4A /* Build configuration list for PBXNativeTarget "PhotosSampleTests" */;
			buildPhases = (
				0E81B2B6C46340AB548689DD /* [CP] Check Pods Manifest.lock */,
				CFCF6E771E9016C700136F4A /* Sources */,
				CFCF6E781E9016C700136F4A /* Frameworks */,
				CFCF6E791E9016C700136F4A /* Resources */,
				F122E6791375C2C6D5C9286B /* [CP] Embed Pods Frameworks */,
				CDE33B290C5B8513EF6BAA76 /* [CP] Copy Pods Resources */,
			);
			buildRules = (
			);
			dependencies = (
				CFCF6E7D1E9016C700136F4A /* PBXTargetDependency */,
			);
			name = PhotosSampleTests;
			productName = PhotosTests;
			productReference = CFCF6E7B1E9016C700136F4A /* PhotosSampleTests.xctest */;
			productType = "com.apple.product-type.bundle.unit-test";
		};
/* End PBXNativeTarget section */

/* Begin PBXProject section */
		CFCF6E5F1E9016C700136F4A /* Project object */ = {
			isa = PBXProject;
			attributes = {
				LastSwiftUpdateCheck = 0830;
				LastUpgradeCheck = 0830;
				ORGANIZATIONNAME = "Khanh Pham";
				TargetAttributes = {
					CFCF6E661E9016C700136F4A = {
						CreatedOnToolsVersion = 8.3;
						DevelopmentTeam = 28B4UGC4GQ;
						LastSwiftMigration = 0830;
						ProvisioningStyle = Automatic;
					};
					CFCF6E7A1E9016C700136F4A = {
						CreatedOnToolsVersion = 8.3;
						DevelopmentTeam = 28B4UGC4GQ;
						ProvisioningStyle = Automatic;
						TestTargetID = CFCF6E661E9016C700136F4A;
					};
				};
			};
			buildConfigurationList = CFCF6E621E9016C700136F4A /* Build configuration list for PBXProject "PhotosSample" */;
			compatibilityVersion = "Xcode 3.2";
			developmentRegion = English;
			hasScannedForEncodings = 0;
			knownRegions = (
				en,
				Base,
			);
			mainGroup = CFCF6E5E1E9016C700136F4A;
			productRefGroup = CFCF6E681E9016C700136F4A /* Products */;
			projectDirPath = "";
			projectRoot = "";
			targets = (
				CFCF6E661E9016C700136F4A /* PhotosSample */,
				CFCF6E7A1E9016C700136F4A /* PhotosSampleTests */,
			);
		};
/* End PBXProject section */

/* Begin PBXResourcesBuildPhase section */
		CFCF6E651E9016C700136F4A /* Resources */ = {
			isa = PBXResourcesBuildPhase;
			buildActionMask = 2147483647;
			files = (
				CFCF6E751E9016C700136F4A /* LaunchScreen.storyboard in Resources */,
				CFCF6E721E9016C700136F4A /* Assets.xcassets in Resources */,
				CFCF6E701E9016C700136F4A /* Main.storyboard in Resources */,
			);
			runOnlyForDeploymentPostprocessing = 0;
		};
		CFCF6E791E9016C700136F4A /* Resources */ = {
			isa = PBXResourcesBuildPhase;
			buildActionMask = 2147483647;
			files = (
			);
			runOnlyForDeploymentPostprocessing = 0;
		};
/* End PBXResourcesBuildPhase section */

/* Begin PBXShellScriptBuildPhase section */
		0E81B2B6C46340AB548689DD /* [CP] Check Pods Manifest.lock */ = {
			isa = PBXShellScriptBuildPhase;
			buildActionMask = 2147483647;
			files = (
			);
			inputPaths = (
			);
			name = "[CP] Check Pods Manifest.lock";
			outputPaths = (
			);
			runOnlyForDeploymentPostprocessing = 0;
			shellPath = /bin/sh;
			shellScript = "diff \"${PODS_ROOT}/../Podfile.lock\" \"${PODS_ROOT}/Manifest.lock\" > /dev/null\nif [ $? != 0 ] ; then\n    # print error to STDERR\n    echo \"error: The sandbox is not in sync with the Podfile.lock. Run 'pod install' or update your CocoaPods installation.\" >&2\n    exit 1\nfi\n";
			showEnvVarsInLog = 0;
		};
		74ACC62BA7A8F23170AC3F28 /* [CP] Copy Pods Resources */ = {
			isa = PBXShellScriptBuildPhase;
			buildActionMask = 2147483647;
			files = (
			);
			inputPaths = (
			);
			name = "[CP] Copy Pods Resources";
			outputPaths = (
			);
			runOnlyForDeploymentPostprocessing = 0;
			shellPath = /bin/sh;
			shellScript = "\"${SRCROOT}/Pods/Target Support Files/Pods-PhotosSample/Pods-PhotosSample-resources.sh\"\n";
			showEnvVarsInLog = 0;
		};
		CDE33B290C5B8513EF6BAA76 /* [CP] Copy Pods Resources */ = {
			isa = PBXShellScriptBuildPhase;
			buildActionMask = 2147483647;
			files = (
			);
			inputPaths = (
			);
			name = "[CP] Copy Pods Resources";
			outputPaths = (
			);
			runOnlyForDeploymentPostprocessing = 0;
			shellPath = /bin/sh;
			shellScript = "\"${SRCROOT}/Pods/Target Support Files/Pods-PhotosSampleTests/Pods-PhotosSampleTests-resources.sh\"\n";
			showEnvVarsInLog = 0;
		};
		DDD10C6D356D4AE7A2DC4A84 /* [CP] Check Pods Manifest.lock */ = {
			isa = PBXShellScriptBuildPhase;
			buildActionMask = 2147483647;
			files = (
			);
			inputPaths = (
			);
			name = "[CP] Check Pods Manifest.lock";
			outputPaths = (
			);
			runOnlyForDeploymentPostprocessing = 0;
			shellPath = /bin/sh;
			shellScript = "diff \"${PODS_ROOT}/../Podfile.lock\" \"${PODS_ROOT}/Manifest.lock\" > /dev/null\nif [ $? != 0 ] ; then\n    # print error to STDERR\n    echo \"error: The sandbox is not in sync with the Podfile.lock. Run 'pod install' or update your CocoaPods installation.\" >&2\n    exit 1\nfi\n";
			showEnvVarsInLog = 0;
		};
		E17BF1FE13A80D85C3AE6D65 /* [CP] Embed Pods Frameworks */ = {
			isa = PBXShellScriptBuildPhase;
			buildActionMask = 2147483647;
			files = (
			);
			inputPaths = (
			);
			name = "[CP] Embed Pods Frameworks";
			outputPaths = (
			);
			runOnlyForDeploymentPostprocessing = 0;
			shellPath = /bin/sh;
			shellScript = "\"${SRCROOT}/Pods/Target Support Files/Pods-PhotosSample/Pods-PhotosSample-frameworks.sh\"\n";
			showEnvVarsInLog = 0;
		};
		F122E6791375C2C6D5C9286B /* [CP] Embed Pods Frameworks */ = {
			isa = PBXShellScriptBuildPhase;
			buildActionMask = 2147483647;
			files = (
			);
			inputPaths = (
			);
			name = "[CP] Embed Pods Frameworks";
			outputPaths = (
			);
			runOnlyForDeploymentPostprocessing = 0;
			shellPath = /bin/sh;
			shellScript = "\"${SRCROOT}/Pods/Target Support Files/Pods-PhotosSampleTests/Pods-PhotosSampleTests-frameworks.sh\"\n";
			showEnvVarsInLog = 0;
		};
/* End PBXShellScriptBuildPhase section */

/* Begin PBXSourcesBuildPhase section */
		CFCF6E631E9016C700136F4A /* Sources */ = {
			isa = PBXSourcesBuildPhase;
			buildActionMask = 2147483647;
			files = (
				CFC549951E90F76E001A0302 /* PhotoViewerViewModel.swift in Sources */,
				CFC5498E1E90B7AE001A0302 /* UIKitExt.swift in Sources */,
				CFCF6E911E9026A000136F4A /* Misc.swift in Sources */,
				CFCF6E9C1E902C1600136F4A /* MomentsRepository.swift in Sources */,
				CFCF6E8E1E90240B00136F4A /* MomentsViewController.swift in Sources */,
				CFC5498A1E9090FE001A0302 /* RxExt.swift in Sources */,
				CFCF6E961E90285300136F4A /* Global.swift in Sources */,
				CFCF6E6B1E9016C700136F4A /* AppDelegate.swift in Sources */,
				CFC549931E90E444001A0302 /* PhotoViewerViewController.swift in Sources */,
				CFC549901E90B848001A0302 /* AssetModel.swift in Sources */,
				CFC5498C1E909C03001A0302 /* FoundationExt.swift in Sources */,
			);
			runOnlyForDeploymentPostprocessing = 0;
		};
		CFCF6E771E9016C700136F4A /* Sources */ = {
			isa = PBXSourcesBuildPhase;
			buildActionMask = 2147483647;
			files = (
				CFCF6E801E9016C700136F4A /* PhotosTests.swift in Sources */,
			);
			runOnlyForDeploymentPostprocessing = 0;
		};
/* End PBXSourcesBuildPhase section */

/* Begin PBXTargetDependency section */
		CFCF6E7D1E9016C700136F4A /* PBXTargetDependency */ = {
			isa = PBXTargetDependency;
			target = CFCF6E661E9016C700136F4A /* PhotosSample */;
			targetProxy = CFCF6E7C1E9016C700136F4A /* PBXContainerItemProxy */;
		};
/* End PBXTargetDependency section */

/* Begin PBXVariantGroup section */
		CFCF6E6E1E9016C700136F4A /* Main.storyboard */ = {
			isa = PBXVariantGroup;
			children = (
				CFCF6E6F1E9016C700136F4A /* Base */,
			);
			name = Main.storyboard;
			sourceTree = "<group>";
		};
		CFCF6E731E9016C700136F4A /* LaunchScreen.storyboard */ = {
			isa = PBXVariantGroup;
			children = (
				CFCF6E741E9016C700136F4A /* Base */,
			);
			name = LaunchScreen.storyboard;
			sourceTree = "<group>";
		};
/* End PBXVariantGroup section */

/* Begin XCBuildConfiguration section */
		CFCF6E821E9016C700136F4A /* Debug */ = {
			isa = XCBuildConfiguration;
			buildSettings = {
				ALWAYS_SEARCH_USER_PATHS = NO;
				CLANG_ANALYZER_NONNULL = YES;
				CLANG_ANALYZER_NUMBER_OBJECT_CONVERSION = YES_AGGRESSIVE;
				CLANG_CXX_LANGUAGE_STANDARD = "gnu++0x";
				CLANG_CXX_LIBRARY = "libc++";
				CLANG_ENABLE_MODULES = YES;
				CLANG_ENABLE_OBJC_ARC = YES;
				CLANG_WARN_BOOL_CONVERSION = YES;
				CLANG_WARN_CONSTANT_CONVERSION = YES;
				CLANG_WARN_DIRECT_OBJC_ISA_USAGE = YES_ERROR;
				CLANG_WARN_DOCUMENTATION_COMMENTS = YES;
				CLANG_WARN_EMPTY_BODY = YES;
				CLANG_WARN_ENUM_CONVERSION = YES;
				CLANG_WARN_INFINITE_RECURSION = YES;
				CLANG_WARN_INT_CONVERSION = YES;
				CLANG_WARN_OBJC_ROOT_CLASS = YES_ERROR;
				CLANG_WARN_SUSPICIOUS_MOVE = YES;
				CLANG_WARN_UNREACHABLE_CODE = YES;
				CLANG_WARN__DUPLICATE_METHOD_MATCH = YES;
				"CODE_SIGN_IDENTITY[sdk=iphoneos*]" = "iPhone Developer";
				COPY_PHASE_STRIP = NO;
				DEBUG_INFORMATION_FORMAT = dwarf;
				ENABLE_STRICT_OBJC_MSGSEND = YES;
				ENABLE_TESTABILITY = YES;
				GCC_C_LANGUAGE_STANDARD = gnu99;
				GCC_DYNAMIC_NO_PIC = NO;
				GCC_NO_COMMON_BLOCKS = YES;
				GCC_OPTIMIZATION_LEVEL = 0;
				GCC_PREPROCESSOR_DEFINITIONS = (
					"DEBUG=1",
					"$(inherited)",
				);
				GCC_WARN_64_TO_32_BIT_CONVERSION = YES;
				GCC_WARN_ABOUT_RETURN_TYPE = YES_ERROR;
				GCC_WARN_UNDECLARED_SELECTOR = YES;
				GCC_WARN_UNINITIALIZED_AUTOS = YES_AGGRESSIVE;
				GCC_WARN_UNUSED_FUNCTION = YES;
				GCC_WARN_UNUSED_VARIABLE = YES;
				IPHONEOS_DEPLOYMENT_TARGET = 10.3;
				MTL_ENABLE_DEBUG_INFO = YES;
				ONLY_ACTIVE_ARCH = YES;
				SDKROOT = iphoneos;
				SWIFT_ACTIVE_COMPILATION_CONDITIONS = DEBUG;
				SWIFT_OPTIMIZATION_LEVEL = "-Onone";
				TARGETED_DEVICE_FAMILY = "1,2";
			};
			name = Debug;
		};
		CFCF6E831E9016C700136F4A /* Release */ = {
			isa = XCBuildConfiguration;
			buildSettings = {
				ALWAYS_SEARCH_USER_PATHS = NO;
				CLANG_ANALYZER_NONNULL = YES;
				CLANG_ANALYZER_NUMBER_OBJECT_CONVERSION = YES_AGGRESSIVE;
				CLANG_CXX_LANGUAGE_STANDARD = "gnu++0x";
				CLANG_CXX_LIBRARY = "libc++";
				CLANG_ENABLE_MODULES = YES;
				CLANG_ENABLE_OBJC_ARC = YES;
				CLANG_WARN_BOOL_CONVERSION = YES;
				CLANG_WARN_CONSTANT_CONVERSION = YES;
				CLANG_WARN_DIRECT_OBJC_ISA_USAGE = YES_ERROR;
				CLANG_WARN_DOCUMENTATION_COMMENTS = YES;
				CLANG_WARN_EMPTY_BODY = YES;
				CLANG_WARN_ENUM_CONVERSION = YES;
				CLANG_WARN_INFINITE_RECURSION = YES;
				CLANG_WARN_INT_CONVERSION = YES;
				CLANG_WARN_OBJC_ROOT_CLASS = YES_ERROR;
				CLANG_WARN_SUSPICIOUS_MOVE = YES;
				CLANG_WARN_UNREACHABLE_CODE = YES;
				CLANG_WARN__DUPLICATE_METHOD_MATCH = YES;
				"CODE_SIGN_IDENTITY[sdk=iphoneos*]" = "iPhone Developer";
				COPY_PHASE_STRIP = NO;
				DEBUG_INFORMATION_FORMAT = "dwarf-with-dsym";
				ENABLE_NS_ASSERTIONS = NO;
				ENABLE_STRICT_OBJC_MSGSEND = YES;
				GCC_C_LANGUAGE_STANDARD = gnu99;
				GCC_NO_COMMON_BLOCKS = YES;
				GCC_WARN_64_TO_32_BIT_CONVERSION = YES;
				GCC_WARN_ABOUT_RETURN_TYPE = YES_ERROR;
				GCC_WARN_UNDECLARED_SELECTOR = YES;
				GCC_WARN_UNINITIALIZED_AUTOS = YES_AGGRESSIVE;
				GCC_WARN_UNUSED_FUNCTION = YES;
				GCC_WARN_UNUSED_VARIABLE = YES;
				IPHONEOS_DEPLOYMENT_TARGET = 10.3;
				MTL_ENABLE_DEBUG_INFO = NO;
				SDKROOT = iphoneos;
				SWIFT_OPTIMIZATION_LEVEL = "-Owholemodule";
				TARGETED_DEVICE_FAMILY = "1,2";
				VALIDATE_PRODUCT = YES;
			};
			name = Release;
		};
		CFCF6E851E9016C700136F4A /* Debug */ = {
			isa = XCBuildConfiguration;
			baseConfigurationReference = DD3F76234A619B100CF4E6E1 /* Pods-PhotosSample.debug.xcconfig */;
			buildSettings = {
				ASSETCATALOG_COMPILER_APPICON_NAME = AppIcon;
				CLANG_ENABLE_MODULES = YES;
				DEVELOPMENT_TEAM = 28B4UGC4GQ;
				INFOPLIST_FILE = Photos/Info.plist;
				LD_RUNPATH_SEARCH_PATHS = "$(inherited) @executable_path/Frameworks";
				PRODUCT_BUNDLE_IDENTIFIER = com.khanhpham.example.Photos;
				PRODUCT_NAME = "$(TARGET_NAME)";
				SWIFT_OBJC_BRIDGING_HEADER = "Photos/PhotosSample-Bridging-Header.h";
				SWIFT_OPTIMIZATION_LEVEL = "-Onone";
				SWIFT_VERSION = 3.0;
			};
			name = Debug;
		};
		CFCF6E861E9016C700136F4A /* Release */ = {
			isa = XCBuildConfiguration;
			baseConfigurationReference = 0F8369255BB7E60C1CB6FBDA /* Pods-PhotosSample.release.xcconfig */;
			buildSettings = {
				ASSETCATALOG_COMPILER_APPICON_NAME = AppIcon;
				CLANG_ENABLE_MODULES = YES;
				DEVELOPMENT_TEAM = 28B4UGC4GQ;
				INFOPLIST_FILE = Photos/Info.plist;
				LD_RUNPATH_SEARCH_PATHS = "$(inherited) @executable_path/Frameworks";
				PRODUCT_BUNDLE_IDENTIFIER = com.khanhpham.example.Photos;
				PRODUCT_NAME = "$(TARGET_NAME)";
				SWIFT_OBJC_BRIDGING_HEADER = "Photos/PhotosSample-Bridging-Header.h";
				SWIFT_VERSION = 3.0;
			};
			name = Release;
		};
		CFCF6E881E9016C700136F4A /* Debug */ = {
			isa = XCBuildConfiguration;
			baseConfigurationReference = 4E14E755BC905B57ADFF8F3F /* Pods-PhotosSampleTests.debug.xcconfig */;
			buildSettings = {
				ALWAYS_EMBED_SWIFT_STANDARD_LIBRARIES = YES;
				BUNDLE_LOADER = "$(TEST_HOST)";
				DEVELOPMENT_TEAM = 28B4UGC4GQ;
				INFOPLIST_FILE = PhotosTests/Info.plist;
				LD_RUNPATH_SEARCH_PATHS = "$(inherited) @executable_path/Frameworks @loader_path/Frameworks";
				PRODUCT_BUNDLE_IDENTIFIER = com.khanhpham.example.PhotosTests;
				PRODUCT_NAME = "$(TARGET_NAME)";
				SWIFT_VERSION = 3.0;
				TEST_HOST = "$(BUILT_PRODUCTS_DIR)/PhotosSample.app/PhotosSample";
			};
			name = Debug;
		};
		CFCF6E891E9016C700136F4A /* Release */ = {
			isa = XCBuildConfiguration;
			baseConfigurationReference = 07C95DFB0055623B4BBDE9C3 /* Pods-PhotosSampleTests.release.xcconfig */;
			buildSettings = {
				ALWAYS_EMBED_SWIFT_STANDARD_LIBRARIES = YES;
				BUNDLE_LOADER = "$(TEST_HOST)";
				DEVELOPMENT_TEAM = 28B4UGC4GQ;
				INFOPLIST_FILE = PhotosTests/Info.plist;
				LD_RUNPATH_SEARCH_PATHS = "$(inherited) @executable_path/Frameworks @loader_path/Frameworks";
				PRODUCT_BUNDLE_IDENTIFIER = com.khanhpham.example.PhotosTests;
				PRODUCT_NAME = "$(TARGET_NAME)";
				SWIFT_VERSION = 3.0;
				TEST_HOST = "$(BUILT_PRODUCTS_DIR)/PhotosSample.app/PhotosSample";
			};
			name = Release;
		};
/* End XCBuildConfiguration section */

/* Begin XCConfigurationList section */
		CFCF6E621E9016C700136F4A /* Build configuration list for PBXProject "PhotosSample" */ = {
			isa = XCConfigurationList;
			buildConfigurations = (
				CFCF6E821E9016C700136F4A /* Debug */,
				CFCF6E831E9016C700136F4A /* Release */,
			);
			defaultConfigurationIsVisible = 0;
			defaultConfigurationName = Release;
		};
		CFCF6E841E9016C700136F4A /* Build configuration list for PBXNativeTarget "PhotosSample" */ = {
			isa = XCConfigurationList;
			buildConfigurations = (
				CFCF6E851E9016C700136F4A /* Debug */,
				CFCF6E861E9016C700136F4A /* Release */,
			);
			defaultConfigurationIsVisible = 0;
			defaultConfigurationName = Release;
		};
		CFCF6E871E9016C700136F4A /* Build configuration list for PBXNativeTarget "PhotosSampleTests" */ = {
			isa = XCConfigurationList;
			buildConfigurations = (
				CFCF6E881E9016C700136F4A /* Debug */,
				CFCF6E891E9016C700136F4A /* Release */,
			);
			defaultConfigurationIsVisible = 0;
			defaultConfigurationName = Release;
		};
/* End XCConfigurationList section */
	};
	rootObject = CFCF6E5F1E9016C700136F4A /* Project object */;
}
